// !$*UTF8*$!
{
	archiveVersion = 1;
	classes = {
	};
	objectVersion = 55;
	objects = {

/* Begin PBXBuildFile section */
		4A77E3BBAFC6DE23A22D3EF0 /* Pods_Currency_Converter.framework in Frameworks */ = {isa = PBXBuildFile; fileRef = D34F8FAB399F393F13602BCB /* Pods_Currency_Converter.framework */; };
		EAFB4D2A27DF4E3600F4CBF8 /* AppDelegate.swift in Sources */ = {isa = PBXBuildFile; fileRef = EAFB4D2927DF4E3600F4CBF8 /* AppDelegate.swift */; };
		EAFB4D2C27DF4E3600F4CBF8 /* SceneDelegate.swift in Sources */ = {isa = PBXBuildFile; fileRef = EAFB4D2B27DF4E3600F4CBF8 /* SceneDelegate.swift */; };
		EAFB4D2E27DF4E3600F4CBF8 /* ViewController.swift in Sources */ = {isa = PBXBuildFile; fileRef = EAFB4D2D27DF4E3600F4CBF8 /* ViewController.swift */; };
		EAFB4D3127DF4E3600F4CBF8 /* Main.storyboard in Resources */ = {isa = PBXBuildFile; fileRef = EAFB4D2F27DF4E3600F4CBF8 /* Main.storyboard */; };
		EAFB4D3327DF4E3900F4CBF8 /* Assets.xcassets in Resources */ = {isa = PBXBuildFile; fileRef = EAFB4D3227DF4E3900F4CBF8 /* Assets.xcassets */; };
		EAFB4D3627DF4E3900F4CBF8 /* LaunchScreen.storyboard in Resources */ = {isa = PBXBuildFile; fileRef = EAFB4D3427DF4E3900F4CBF8 /* LaunchScreen.storyboard */; };
		EAFB4D4127DF50DF00F4CBF8 /* Roundable.swift in Sources */ = {isa = PBXBuildFile; fileRef = EAFB4D3E27DF50DF00F4CBF8 /* Roundable.swift */; };
		EAFB4D4227DF50DF00F4CBF8 /* RoundedCollectionViewCell.swift in Sources */ = {isa = PBXBuildFile; fileRef = EAFB4D3F27DF50DF00F4CBF8 /* RoundedCollectionViewCell.swift */; };
		EAFB4D4327DF50DF00F4CBF8 /* RoundedView.swift in Sources */ = {isa = PBXBuildFile; fileRef = EAFB4D4027DF50DF00F4CBF8 /* RoundedView.swift */; };
		EAFB4D4527DF51FF00F4CBF8 /* CollectionViewCenterLayout.swift in Sources */ = {isa = PBXBuildFile; fileRef = EAFB4D4427DF51FF00F4CBF8 /* CollectionViewCenterLayout.swift */; };
/* End PBXBuildFile section */

/* Begin PBXFileReference section */
		82E9059EBC8981A24013FA03 /* Pods-Currency Converter.debug.xcconfig */ = {isa = PBXFileReference; includeInIndex = 1; lastKnownFileType = text.xcconfig; name = "Pods-Currency Converter.debug.xcconfig"; path = "Target Support Files/Pods-Currency Converter/Pods-Currency Converter.debug.xcconfig"; sourceTree = "<group>"; };
		D34F8FAB399F393F13602BCB /* Pods_Currency_Converter.framework */ = {isa = PBXFileReference; explicitFileType = wrapper.framework; includeInIndex = 0; path = Pods_Currency_Converter.framework; sourceTree = BUILT_PRODUCTS_DIR; };
		EAFB4D2627DF4E3600F4CBF8 /* Currency Converter.app */ = {isa = PBXFileReference; explicitFileType = wrapper.application; includeInIndex = 0; path = "Currency Converter.app"; sourceTree = BUILT_PRODUCTS_DIR; };
		EAFB4D2927DF4E3600F4CBF8 /* AppDelegate.swift */ = {isa = PBXFileReference; lastKnownFileType = sourcecode.swift; path = AppDelegate.swift; sourceTree = "<group>"; };
		EAFB4D2B27DF4E3600F4CBF8 /* SceneDelegate.swift */ = {isa = PBXFileReference; lastKnownFileType = sourcecode.swift; path = SceneDelegate.swift; sourceTree = "<group>"; };
		EAFB4D2D27DF4E3600F4CBF8 /* ViewController.swift */ = {isa = PBXFileReference; lastKnownFileType = sourcecode.swift; path = ViewController.swift; sourceTree = "<group>"; };
		EAFB4D3027DF4E3600F4CBF8 /* Base */ = {isa = PBXFileReference; lastKnownFileType = file.storyboard; name = Base; path = Base.lproj/Main.storyboard; sourceTree = "<group>"; };
		EAFB4D3227DF4E3900F4CBF8 /* Assets.xcassets */ = {isa = PBXFileReference; lastKnownFileType = folder.assetcatalog; path = Assets.xcassets; sourceTree = "<group>"; };
		EAFB4D3527DF4E3900F4CBF8 /* Base */ = {isa = PBXFileReference; lastKnownFileType = file.storyboard; name = Base; path = Base.lproj/LaunchScreen.storyboard; sourceTree = "<group>"; };
		EAFB4D3727DF4E3900F4CBF8 /* Info.plist */ = {isa = PBXFileReference; lastKnownFileType = text.plist.xml; path = Info.plist; sourceTree = "<group>"; };
		EAFB4D3E27DF50DF00F4CBF8 /* Roundable.swift */ = {isa = PBXFileReference; fileEncoding = 4; lastKnownFileType = sourcecode.swift; path = Roundable.swift; sourceTree = "<group>"; };
		EAFB4D3F27DF50DF00F4CBF8 /* RoundedCollectionViewCell.swift */ = {isa = PBXFileReference; fileEncoding = 4; lastKnownFileType = sourcecode.swift; path = RoundedCollectionViewCell.swift; sourceTree = "<group>"; };
		EAFB4D4027DF50DF00F4CBF8 /* RoundedView.swift */ = {isa = PBXFileReference; fileEncoding = 4; lastKnownFileType = sourcecode.swift; path = RoundedView.swift; sourceTree = "<group>"; };
		EAFB4D4427DF51FF00F4CBF8 /* CollectionViewCenterLayout.swift */ = {isa = PBXFileReference; fileEncoding = 4; lastKnownFileType = sourcecode.swift; path = CollectionViewCenterLayout.swift; sourceTree = "<group>"; };
		EF29CAD55BA0764A59B53C98 /* Pods-Currency Converter.release.xcconfig */ = {isa = PBXFileReference; includeInIndex = 1; lastKnownFileType = text.xcconfig; name = "Pods-Currency Converter.release.xcconfig"; path = "Target Support Files/Pods-Currency Converter/Pods-Currency Converter.release.xcconfig"; sourceTree = "<group>"; };
/* End PBXFileReference section */

/* Begin PBXFrameworksBuildPhase section */
		EAFB4D2327DF4E3600F4CBF8 /* Frameworks */ = {
			isa = PBXFrameworksBuildPhase;
			buildActionMask = 2147483647;
			files = (
				4A77E3BBAFC6DE23A22D3EF0 /* Pods_Currency_Converter.framework in Frameworks */,
			);
			runOnlyForDeploymentPostprocessing = 0;
		};
/* End PBXFrameworksBuildPhase section */

/* Begin PBXGroup section */
		3A4FF0E841D25CA3536DEB8A /* Frameworks */ = {
			isa = PBXGroup;
			children = (
				D34F8FAB399F393F13602BCB /* Pods_Currency_Converter.framework */,
			);
			name = Frameworks;
			sourceTree = "<group>";
		};
		9401722D7727123EC8763BED /* Pods */ = {
			isa = PBXGroup;
			children = (
				82E9059EBC8981A24013FA03 /* Pods-Currency Converter.debug.xcconfig */,
				EF29CAD55BA0764A59B53C98 /* Pods-Currency Converter.release.xcconfig */,
			);
			path = Pods;
			sourceTree = "<group>";
		};
		EAFB4D1D27DF4E3600F4CBF8 = {
			isa = PBXGroup;
			children = (
				EAFB4D2827DF4E3600F4CBF8 /* Currency Converter */,
				EAFB4D2727DF4E3600F4CBF8 /* Products */,
				9401722D7727123EC8763BED /* Pods */,
				3A4FF0E841D25CA3536DEB8A /* Frameworks */,
			);
			sourceTree = "<group>";
		};
		EAFB4D2727DF4E3600F4CBF8 /* Products */ = {
			isa = PBXGroup;
			children = (
				EAFB4D2627DF4E3600F4CBF8 /* Currency Converter.app */,
			);
			name = Products;
			sourceTree = "<group>";
		};
		EAFB4D2827DF4E3600F4CBF8 /* Currency Converter */ = {
			isa = PBXGroup;
			children = (
				EAFB4D2927DF4E3600F4CBF8 /* AppDelegate.swift */,
				EAFB4D2B27DF4E3600F4CBF8 /* SceneDelegate.swift */,
				EAFB4D2D27DF4E3600F4CBF8 /* ViewController.swift */,
				EAFB4D4427DF51FF00F4CBF8 /* CollectionViewCenterLayout.swift */,
				EAFB4D3D27DF50CF00F4CBF8 /* Common */,
				EAFB4D2F27DF4E3600F4CBF8 /* Main.storyboard */,
				EAFB4D3227DF4E3900F4CBF8 /* Assets.xcassets */,
				EAFB4D3427DF4E3900F4CBF8 /* LaunchScreen.storyboard */,
				EAFB4D3727DF4E3900F4CBF8 /* Info.plist */,
			);
			path = "Currency Converter";
			sourceTree = "<group>";
		};
		EAFB4D3D27DF50CF00F4CBF8 /* Common */ = {
			isa = PBXGroup;
			children = (
				EAFB4D3E27DF50DF00F4CBF8 /* Roundable.swift */,
				EAFB4D3F27DF50DF00F4CBF8 /* RoundedCollectionViewCell.swift */,
				EAFB4D4027DF50DF00F4CBF8 /* RoundedView.swift */,
			);
			path = Common;
			sourceTree = "<group>";
		};
/* End PBXGroup section */

/* Begin PBXNativeTarget section */
		EAFB4D2527DF4E3600F4CBF8 /* Currency Converter */ = {
			isa = PBXNativeTarget;
			buildConfigurationList = EAFB4D3A27DF4E3900F4CBF8 /* Build configuration list for PBXNativeTarget "Currency Converter" */;
			buildPhases = (
				7762CC8B4E6898F5E577E788 /* [CP] Check Pods Manifest.lock */,
				EAFB4D2227DF4E3600F4CBF8 /* Sources */,
				EAFB4D2327DF4E3600F4CBF8 /* Frameworks */,
				EAFB4D2427DF4E3600F4CBF8 /* Resources */,
				0735EFB93BBDBD12848AB595 /* [CP] Embed Pods Frameworks */,
			);
			buildRules = (
			);
			dependencies = (
			);
			name = "Currency Converter";
			productName = "Currency Converter";
			productReference = EAFB4D2627DF4E3600F4CBF8 /* Currency Converter.app */;
			productType = "com.apple.product-type.application";
		};
/* End PBXNativeTarget section */

/* Begin PBXProject section */
		EAFB4D1E27DF4E3600F4CBF8 /* Project object */ = {
			isa = PBXProject;
			attributes = {
				BuildIndependentTargetsInParallel = 1;
				LastSwiftUpdateCheck = 1320;
				LastUpgradeCheck = 1320;
				TargetAttributes = {
					EAFB4D2527DF4E3600F4CBF8 = {
						CreatedOnToolsVersion = 13.2.1;
					};
				};
			};
			buildConfigurationList = EAFB4D2127DF4E3600F4CBF8 /* Build configuration list for PBXProject "Currency Converter" */;
			compatibilityVersion = "Xcode 13.0";
			developmentRegion = en;
			hasScannedForEncodings = 0;
			knownRegions = (
				en,
				Base,
			);
			mainGroup = EAFB4D1D27DF4E3600F4CBF8;
			productRefGroup = EAFB4D2727DF4E3600F4CBF8 /* Products */;
			projectDirPath = "";
			projectRoot = "";
			targets = (
				EAFB4D2527DF4E3600F4CBF8 /* Currency Converter */,
			);
		};
/* End PBXProject section */

/* Begin PBXResourcesBuildPhase section */
		EAFB4D2427DF4E3600F4CBF8 /* Resources */ = {
			isa = PBXResourcesBuildPhase;
			buildActionMask = 2147483647;
			files = (
				EAFB4D3627DF4E3900F4CBF8 /* LaunchScreen.storyboard in Resources */,
				EAFB4D3327DF4E3900F4CBF8 /* Assets.xcassets in Resources */,
				EAFB4D3127DF4E3600F4CBF8 /* Main.storyboard in Resources */,
			);
			runOnlyForDeploymentPostprocessing = 0;
		};
/* End PBXResourcesBuildPhase section */

/* Begin PBXShellScriptBuildPhase section */
		0735EFB93BBDBD12848AB595 /* [CP] Embed Pods Frameworks */ = {
			isa = PBXShellScriptBuildPhase;
			buildActionMask = 2147483647;
			files = (
			);
			inputFileListPaths = (
				"${PODS_ROOT}/Target Support Files/Pods-Currency Converter/Pods-Currency Converter-frameworks-${CONFIGURATION}-input-files.xcfilelist",
			);
			name = "[CP] Embed Pods Frameworks";
			outputFileListPaths = (
				"${PODS_ROOT}/Target Support Files/Pods-Currency Converter/Pods-Currency Converter-frameworks-${CONFIGURATION}-output-files.xcfilelist",
			);
			runOnlyForDeploymentPostprocessing = 0;
			shellPath = /bin/sh;
			shellScript = "\"${PODS_ROOT}/Target Support Files/Pods-Currency Converter/Pods-Currency Converter-frameworks.sh\"\n";
			showEnvVarsInLog = 0;
		};
		7762CC8B4E6898F5E577E788 /* [CP] Check Pods Manifest.lock */ = {
			isa = PBXShellScriptBuildPhase;
			buildActionMask = 2147483647;
			files = (
			);
			inputFileListPaths = (
			);
			inputPaths = (
				"${PODS_PODFILE_DIR_PATH}/Podfile.lock",
				"${PODS_ROOT}/Manifest.lock",
			);
			name = "[CP] Check Pods Manifest.lock";
			outputFileListPaths = (
			);
			outputPaths = (
				"$(DERIVED_FILE_DIR)/Pods-Currency Converter-checkManifestLockResult.txt",
			);
			runOnlyForDeploymentPostprocessing = 0;
			shellPath = /bin/sh;
			shellScript = "diff \"${PODS_PODFILE_DIR_PATH}/Podfile.lock\" \"${PODS_ROOT}/Manifest.lock\" > /dev/null\nif [ $? != 0 ] ; then\n    # print error to STDERR\n    echo \"error: The sandbox is not in sync with the Podfile.lock. Run 'pod install' or update your CocoaPods installation.\" >&2\n    exit 1\nfi\n# This output is used by Xcode 'outputs' to avoid re-running this script phase.\necho \"SUCCESS\" > \"${SCRIPT_OUTPUT_FILE_0}\"\n";
			showEnvVarsInLog = 0;
		};
/* End PBXShellScriptBuildPhase section */

/* Begin PBXSourcesBuildPhase section */
		EAFB4D2227DF4E3600F4CBF8 /* Sources */ = {
			isa = PBXSourcesBuildPhase;
			buildActionMask = 2147483647;
			files = (
				EAFB4D2E27DF4E3600F4CBF8 /* ViewController.swift in Sources */,
				EAFB4D2A27DF4E3600F4CBF8 /* AppDelegate.swift in Sources */,
				EAFB4D4327DF50DF00F4CBF8 /* RoundedView.swift in Sources */,
				EAFB4D4227DF50DF00F4CBF8 /* RoundedCollectionViewCell.swift in Sources */,
				EAFB4D4527DF51FF00F4CBF8 /* CollectionViewCenterLayout.swift in Sources */,
				EAFB4D4127DF50DF00F4CBF8 /* Roundable.swift in Sources */,
				EAFB4D2C27DF4E3600F4CBF8 /* SceneDelegate.swift in Sources */,
			);
			runOnlyForDeploymentPostprocessing = 0;
		};
/* End PBXSourcesBuildPhase section */

/* Begin PBXVariantGroup section */
		EAFB4D2F27DF4E3600F4CBF8 /* Main.storyboard */ = {
			isa = PBXVariantGroup;
			children = (
				EAFB4D3027DF4E3600F4CBF8 /* Base */,
			);
			name = Main.storyboard;
			sourceTree = "<group>";
		};
		EAFB4D3427DF4E3900F4CBF8 /* LaunchScreen.storyboard */ = {
			isa = PBXVariantGroup;
			children = (
				EAFB4D3527DF4E3900F4CBF8 /* Base */,
			);
			name = LaunchScreen.storyboard;
			sourceTree = "<group>";
		};
/* End PBXVariantGroup section */

/* Begin XCBuildConfiguration section */
		EAFB4D3827DF4E3900F4CBF8 /* Debug */ = {
			isa = XCBuildConfiguration;
			buildSettings = {
				ALWAYS_SEARCH_USER_PATHS = NO;
				CLANG_ANALYZER_NONNULL = YES;
				CLANG_ANALYZER_NUMBER_OBJECT_CONVERSION = YES_AGGRESSIVE;
				CLANG_CXX_LANGUAGE_STANDARD = "gnu++17";
				CLANG_CXX_LIBRARY = "libc++";
				CLANG_ENABLE_MODULES = YES;
				CLANG_ENABLE_OBJC_ARC = YES;
				CLANG_ENABLE_OBJC_WEAK = YES;
				CLANG_WARN_BLOCK_CAPTURE_AUTORELEASING = YES;
				CLANG_WARN_BOOL_CONVERSION = YES;
				CLANG_WARN_COMMA = YES;
				CLANG_WARN_CONSTANT_CONVERSION = YES;
				CLANG_WARN_DEPRECATED_OBJC_IMPLEMENTATIONS = YES;
				CLANG_WARN_DIRECT_OBJC_ISA_USAGE = YES_ERROR;
				CLANG_WARN_DOCUMENTATION_COMMENTS = YES;
				CLANG_WARN_EMPTY_BODY = YES;
				CLANG_WARN_ENUM_CONVERSION = YES;
				CLANG_WARN_INFINITE_RECURSION = YES;
				CLANG_WARN_INT_CONVERSION = YES;
				CLANG_WARN_NON_LITERAL_NULL_CONVERSION = YES;
				CLANG_WARN_OBJC_IMPLICIT_RETAIN_SELF = YES;
				CLANG_WARN_OBJC_LITERAL_CONVERSION = YES;
				CLANG_WARN_OBJC_ROOT_CLASS = YES_ERROR;
				CLANG_WARN_QUOTED_INCLUDE_IN_FRAMEWORK_HEADER = YES;
				CLANG_WARN_RANGE_LOOP_ANALYSIS = YES;
				CLANG_WARN_STRICT_PROTOTYPES = YES;
				CLANG_WARN_SUSPICIOUS_MOVE = YES;
				CLANG_WARN_UNGUARDED_AVAILABILITY = YES_AGGRESSIVE;
				CLANG_WARN_UNREACHABLE_CODE = YES;
				CLANG_WARN__DUPLICATE_METHOD_MATCH = YES;
				COPY_PHASE_STRIP = NO;
				DEBUG_INFORMATION_FORMAT = dwarf;
				ENABLE_STRICT_OBJC_MSGSEND = YES;
				ENABLE_TESTABILITY = YES;
				GCC_C_LANGUAGE_STANDARD = gnu11;
				GCC_DYNAMIC_NO_PIC = NO;
				GCC_NO_COMMON_BLOCKS = YES;
				GCC_OPTIMIZATION_LEVEL = 0;
				GCC_PREPROCESSOR_DEFINITIONS = (
					"DEBUG=1",
					"$(inherited)",
				);
				GCC_WARN_64_TO_32_BIT_CONVERSION = YES;
				GCC_WARN_ABOUT_RETURN_TYPE = YES_ERROR;
				GCC_WARN_UNDECLARED_SELECTOR = YES;
				GCC_WARN_UNINITIALIZED_AUTOS = YES_AGGRESSIVE;
				GCC_WARN_UNUSED_FUNCTION = YES;
				GCC_WARN_UNUSED_VARIABLE = YES;
				IPHONEOS_DEPLOYMENT_TARGET = 15.2;
				MTL_ENABLE_DEBUG_INFO = INCLUDE_SOURCE;
				MTL_FAST_MATH = YES;
				ONLY_ACTIVE_ARCH = YES;
				SDKROOT = iphoneos;
				SWIFT_ACTIVE_COMPILATION_CONDITIONS = DEBUG;
				SWIFT_OPTIMIZATION_LEVEL = "-Onone";
			};
			name = Debug;
		};
		EAFB4D3927DF4E3900F4CBF8 /* Release */ = {
			isa = XCBuildConfiguration;
			buildSettings = {
				ALWAYS_SEARCH_USER_PATHS = NO;
				CLANG_ANALYZER_NONNULL = YES;
				CLANG_ANALYZER_NUMBER_OBJECT_CONVERSION = YES_AGGRESSIVE;
				CLANG_CXX_LANGUAGE_STANDARD = "gnu++17";
				CLANG_CXX_LIBRARY = "libc++";
				CLANG_ENABLE_MODULES = YES;
				CLANG_ENABLE_OBJC_ARC = YES;
				CLANG_ENABLE_OBJC_WEAK = YES;
				CLANG_WARN_BLOCK_CAPTURE_AUTORELEASING = YES;
				CLANG_WARN_BOOL_CONVERSION = YES;
				CLANG_WARN_COMMA = YES;
				CLANG_WARN_CONSTANT_CONVERSION = YES;
				CLANG_WARN_DEPRECATED_OBJC_IMPLEMENTATIONS = YES;
				CLANG_WARN_DIRECT_OBJC_ISA_USAGE = YES_ERROR;
				CLANG_WARN_DOCUMENTATION_COMMENTS = YES;
				CLANG_WARN_EMPTY_BODY = YES;
				CLANG_WARN_ENUM_CONVERSION = YES;
				CLANG_WARN_INFINITE_RECURSION = YES;
				CLANG_WARN_INT_CONVERSION = YES;
				CLANG_WARN_NON_LITERAL_NULL_CONVERSION = YES;
				CLANG_WARN_OBJC_IMPLICIT_RETAIN_SELF = YES;
				CLANG_WARN_OBJC_LITERAL_CONVERSION = YES;
				CLANG_WARN_OBJC_ROOT_CLASS = YES_ERROR;
				CLANG_WARN_QUOTED_INCLUDE_IN_FRAMEWORK_HEADER = YES;
				CLANG_WARN_RANGE_LOOP_ANALYSIS = YES;
				CLANG_WARN_STRICT_PROTOTYPES = YES;
				CLANG_WARN_SUSPICIOUS_MOVE = YES;
				CLANG_WARN_UNGUARDED_AVAILABILITY = YES_AGGRESSIVE;
				CLANG_WARN_UNREACHABLE_CODE = YES;
				CLANG_WARN__DUPLICATE_METHOD_MATCH = YES;
				COPY_PHASE_STRIP = NO;
				DEBUG_INFORMATION_FORMAT = "dwarf-with-dsym";
				ENABLE_NS_ASSERTIONS = NO;
				ENABLE_STRICT_OBJC_MSGSEND = YES;
				GCC_C_LANGUAGE_STANDARD = gnu11;
				GCC_NO_COMMON_BLOCKS = YES;
				GCC_WARN_64_TO_32_BIT_CONVERSION = YES;
				GCC_WARN_ABOUT_RETURN_TYPE = YES_ERROR;
				GCC_WARN_UNDECLARED_SELECTOR = YES;
				GCC_WARN_UNINITIALIZED_AUTOS = YES_AGGRESSIVE;
				GCC_WARN_UNUSED_FUNCTION = YES;
				GCC_WARN_UNUSED_VARIABLE = YES;
				IPHONEOS_DEPLOYMENT_TARGET = 15.2;
				MTL_ENABLE_DEBUG_INFO = NO;
				MTL_FAST_MATH = YES;
				SDKROOT = iphoneos;
				SWIFT_COMPILATION_MODE = wholemodule;
				SWIFT_OPTIMIZATION_LEVEL = "-O";
				VALIDATE_PRODUCT = YES;
			};
			name = Release;
		};
		EAFB4D3B27DF4E3900F4CBF8 /* Debug */ = {
			isa = XCBuildConfiguration;
			baseConfigurationReference = 82E9059EBC8981A24013FA03 /* Pods-Currency Converter.debug.xcconfig */;
			buildSettings = {
				ASSETCATALOG_COMPILER_APPICON_NAME = AppIcon;
				ASSETCATALOG_COMPILER_GLOBAL_ACCENT_COLOR_NAME = AccentColor;
				CODE_SIGN_STYLE = Automatic;
				CURRENT_PROJECT_VERSION = 1;
				DEVELOPMENT_TEAM = WQRFA29BR9;
				GENERATE_INFOPLIST_FILE = YES;
				INFOPLIST_FILE = "Currency Converter/Info.plist";
				INFOPLIST_KEY_UIApplicationSupportsIndirectInputEvents = YES;
				INFOPLIST_KEY_UILaunchStoryboardName = LaunchScreen;
				INFOPLIST_KEY_UIMainStoryboardFile = Main;
				INFOPLIST_KEY_UISupportedInterfaceOrientations = UIInterfaceOrientationPortrait;
				INFOPLIST_KEY_UISupportedInterfaceOrientations_iPad = "UIInterfaceOrientationPortrait UIInterfaceOrientationPortraitUpsideDown UIInterfaceOrientationLandscapeLeft UIInterfaceOrientationLandscapeRight";
				INFOPLIST_KEY_UISupportedInterfaceOrientations_iPhone = "UIInterfaceOrientationPortrait UIInterfaceOrientationLandscapeLeft UIInterfaceOrientationLandscapeRight";
				LD_RUNPATH_SEARCH_PATHS = (
					"$(inherited)",
					"@executable_path/Frameworks",
				);
				MARKETING_VERSION = 1.0;
				PRODUCT_BUNDLE_IDENTIFIER = "Paysera.Currency-Converter";
				PRODUCT_NAME = "$(TARGET_NAME)";
				SWIFT_EMIT_LOC_STRINGS = YES;
				SWIFT_VERSION = 5.0;
				TARGETED_DEVICE_FAMILY = 1;
			};
			name = Debug;
		};
		EAFB4D3C27DF4E3900F4CBF8 /* Release */ = {
			isa = XCBuildConfiguration;
			baseConfigurationReference = EF29CAD55BA0764A59B53C98 /* Pods-Currency Converter.release.xcconfig */;
			buildSettings = {
				ASSETCATALOG_COMPILER_APPICON_NAME = AppIcon;
				ASSETCATALOG_COMPILER_GLOBAL_ACCENT_COLOR_NAME = AccentColor;
				CODE_SIGN_STYLE = Automatic;
				CURRENT_PROJECT_VERSION = 1;
				DEVELOPMENT_TEAM = WQRFA29BR9;
				GENERATE_INFOPLIST_FILE = YES;
				INFOPLIST_FILE = "Currency Converter/Info.plist";
				INFOPLIST_KEY_UIApplicationSupportsIndirectInputEvents = YES;
				INFOPLIST_KEY_UILaunchStoryboardName = LaunchScreen;
				INFOPLIST_KEY_UIMainStoryboardFile = Main;
				INFOPLIST_KEY_UISupportedInterfaceOrientations = UIInterfaceOrientationPortrait;
				INFOPLIST_KEY_UISupportedInterfaceOrientations_iPad = "UIInterfaceOrientationPortrait UIInterfaceOrientationPortraitUpsideDown UIInterfaceOrientationLandscapeLeft UIInterfaceOrientationLandscapeRight";
				INFOPLIST_KEY_UISupportedInterfaceOrientations_iPhone = "UIInterfaceOrientationPortrait UIInterfaceOrientationLandscapeLeft UIInterfaceOrientationLandscapeRight";
				LD_RUNPATH_SEARCH_PATHS = (
					"$(inherited)",
					"@executable_path/Frameworks",
				);
				MARKETING_VERSION = 1.0;
				PRODUCT_BUNDLE_IDENTIFIER = "Paysera.Currency-Converter";
				PRODUCT_NAME = "$(TARGET_NAME)";
				SWIFT_EMIT_LOC_STRINGS = YES;
				SWIFT_VERSION = 5.0;
				TARGETED_DEVICE_FAMILY = 1;
			};
			name = Release;
		};
/* End XCBuildConfiguration section */

/* Begin XCConfigurationList section */
		EAFB4D2127DF4E3600F4CBF8 /* Build configuration list for PBXProject "Currency Converter" */ = {
			isa = XCConfigurationList;
			buildConfigurations = (
				EAFB4D3827DF4E3900F4CBF8 /* Debug */,
				EAFB4D3927DF4E3900F4CBF8 /* Release */,
			);
			defaultConfigurationIsVisible = 0;
			defaultConfigurationName = Release;
		};
		EAFB4D3A27DF4E3900F4CBF8 /* Build configuration list for PBXNativeTarget "Currency Converter" */ = {
			isa = XCConfigurationList;
			buildConfigurations = (
				EAFB4D3B27DF4E3900F4CBF8 /* Debug */,
				EAFB4D3C27DF4E3900F4CBF8 /* Release */,
			);
			defaultConfigurationIsVisible = 0;
			defaultConfigurationName = Release;
		};
/* End XCConfigurationList section */
	};
	rootObject = EAFB4D1E27DF4E3600F4CBF8 /* Project object */;
}
